// !$*UTF8*$!
{
	archiveVersion = 1;
	classes = {
	};
	objectVersion = 50;
	objects = {

/* Begin PBXBuildFile section */
		5074105826452EB700B8E505 /* AppDelegate.swift in Sources */ = {isa = PBXBuildFile; fileRef = 5074105726452EB700B8E505 /* AppDelegate.swift */; };
		5074105A26452EB700B8E505 /* SceneDelegate.swift in Sources */ = {isa = PBXBuildFile; fileRef = 5074105926452EB700B8E505 /* SceneDelegate.swift */; };
		5074105C26452EB700B8E505 /* ViewController.swift in Sources */ = {isa = PBXBuildFile; fileRef = 5074105B26452EB700B8E505 /* ViewController.swift */; };
		5074105F26452EB700B8E505 /* Main.storyboard in Resources */ = {isa = PBXBuildFile; fileRef = 5074105D26452EB700B8E505 /* Main.storyboard */; };
		5074106226452EB700B8E505 /* Babel_skills_test.xcdatamodeld in Sources */ = {isa = PBXBuildFile; fileRef = 5074106026452EB700B8E505 /* Babel_skills_test.xcdatamodeld */; };
		5074106426452EBA00B8E505 /* Assets.xcassets in Resources */ = {isa = PBXBuildFile; fileRef = 5074106326452EBA00B8E505 /* Assets.xcassets */; };
		5074106726452EBA00B8E505 /* LaunchScreen.storyboard in Resources */ = {isa = PBXBuildFile; fileRef = 5074106526452EBA00B8E505 /* LaunchScreen.storyboard */; };
		5074107226452EBB00B8E505 /* Babel_skills_testTests.swift in Sources */ = {isa = PBXBuildFile; fileRef = 5074107126452EBB00B8E505 /* Babel_skills_testTests.swift */; };
		5074107D26452EBB00B8E505 /* Babel_skills_testUITests.swift in Sources */ = {isa = PBXBuildFile; fileRef = 5074107C26452EBB00B8E505 /* Babel_skills_testUITests.swift */; };
		5074109426452F8900B8E505 /* WidgetKit.framework in Frameworks */ = {isa = PBXBuildFile; fileRef = 5074109326452F8900B8E505 /* WidgetKit.framework */; };
		5074109626452F8900B8E505 /* SwiftUI.framework in Frameworks */ = {isa = PBXBuildFile; fileRef = 5074109526452F8900B8E505 /* SwiftUI.framework */; };
		5074109926452F8900B8E505 /* Widget_skills_test.swift in Sources */ = {isa = PBXBuildFile; fileRef = 5074109826452F8900B8E505 /* Widget_skills_test.swift */; };
		5074109C26452F8B00B8E505 /* Assets.xcassets in Resources */ = {isa = PBXBuildFile; fileRef = 5074109B26452F8B00B8E505 /* Assets.xcassets */; };
		5074109E26452F8B00B8E505 /* Widget_skills_test.intentdefinition in Sources */ = {isa = PBXBuildFile; fileRef = 5074109A26452F8900B8E505 /* Widget_skills_test.intentdefinition */; };
		5074109F26452F8B00B8E505 /* Widget_skills_test.intentdefinition in Sources */ = {isa = PBXBuildFile; fileRef = 5074109A26452F8900B8E505 /* Widget_skills_test.intentdefinition */; };
		507410A226452F8B00B8E505 /* Widget skills testExtension.appex in Embed App Extensions */ = {isa = PBXBuildFile; fileRef = 5074109126452F8900B8E505 /* Widget skills testExtension.appex */; settings = {ATTRIBUTES = (RemoveHeadersOnCopy, ); }; };
		507410B32645339100B8E505 /* WidgetCollectionviewCell.swift in Sources */ = {isa = PBXBuildFile; fileRef = 507410B12645339100B8E505 /* WidgetCollectionviewCell.swift */; };
		507410B42645339100B8E505 /* WidgetCollectionviewCell.xib in Resources */ = {isa = PBXBuildFile; fileRef = 507410B22645339100B8E505 /* WidgetCollectionviewCell.xib */; };
		507410E226457F1400B8E505 /* APIErrrors.swift in Sources */ = {isa = PBXBuildFile; fileRef = 507410E126457F1400B8E505 /* APIErrrors.swift */; };
		507410E826457F3E00B8E505 /* AppEndpoint.swift in Sources */ = {isa = PBXBuildFile; fileRef = 507410E726457F3E00B8E505 /* AppEndpoint.swift */; };
		507410F226457F8900B8E505 /* ApiProvider.swift in Sources */ = {isa = PBXBuildFile; fileRef = 507410F126457F8900B8E505 /* ApiProvider.swift */; };
		507410F826457FD700B8E505 /* Container.swift in Sources */ = {isa = PBXBuildFile; fileRef = 507410F726457FD700B8E505 /* Container.swift */; };
		507410FF2645800D00B8E505 /* Global.swift in Sources */ = {isa = PBXBuildFile; fileRef = 507410FE2645800D00B8E505 /* Global.swift */; };
		5074110C2645815400B8E505 /* WeatherService.swift in Sources */ = {isa = PBXBuildFile; fileRef = 5074110B2645815400B8E505 /* WeatherService.swift */; };
		50741117264583E600B8E505 /* WheatherResponse.swift in Sources */ = {isa = PBXBuildFile; fileRef = 50741116264583E600B8E505 /* WheatherResponse.swift */; };
		507411222645844200B8E505 /* ErrorResponse.swift in Sources */ = {isa = PBXBuildFile; fileRef = 507411212645844200B8E505 /* ErrorResponse.swift */; };
		5074112C264584C400B8E505 /* DataExtension.swift in Sources */ = {isa = PBXBuildFile; fileRef = 5074112B264584C400B8E505 /* DataExtension.swift */; };
		5074113226458A4800B8E505 /* ViewModel.swift in Sources */ = {isa = PBXBuildFile; fileRef = 5074113126458A4800B8E505 /* ViewModel.swift */; };
		509C27CF26463DE700053131 /* WeatherService.swift in Sources */ = {isa = PBXBuildFile; fileRef = 5074110B2645815400B8E505 /* WeatherService.swift */; };
		509C27D426463DEA00053131 /* APIErrrors.swift in Sources */ = {isa = PBXBuildFile; fileRef = 507410E126457F1400B8E505 /* APIErrrors.swift */; };
		509C27D926463DED00053131 /* AppEndpoint.swift in Sources */ = {isa = PBXBuildFile; fileRef = 507410E726457F3E00B8E505 /* AppEndpoint.swift */; };
		509C27DE26463DF000053131 /* ApiProvider.swift in Sources */ = {isa = PBXBuildFile; fileRef = 507410F126457F8900B8E505 /* ApiProvider.swift */; };
		509C27E326463DF200053131 /* Container.swift in Sources */ = {isa = PBXBuildFile; fileRef = 507410F726457FD700B8E505 /* Container.swift */; };
		509C27E826463DFD00053131 /* ErrorResponse.swift in Sources */ = {isa = PBXBuildFile; fileRef = 507411212645844200B8E505 /* ErrorResponse.swift */; };
		509C27ED26463E0000053131 /* WheatherResponse.swift in Sources */ = {isa = PBXBuildFile; fileRef = 50741116264583E600B8E505 /* WheatherResponse.swift */; };
		509C27F226463E0300053131 /* Global.swift in Sources */ = {isa = PBXBuildFile; fileRef = 507410FE2645800D00B8E505 /* Global.swift */; };
		509C27F726463E0800053131 /* DataExtension.swift in Sources */ = {isa = PBXBuildFile; fileRef = 5074112B264584C400B8E505 /* DataExtension.swift */; };
		509C280426463FD200053131 /* LocationManager.swift in Sources */ = {isa = PBXBuildFile; fileRef = 509C27C326463C6100053131 /* LocationManager.swift */; };
		509C280D26463FD600053131 /* WidgetNetworkManager.swift in Sources */ = {isa = PBXBuildFile; fileRef = 509C27C926463D8400053131 /* WidgetNetworkManager.swift */; };
		509C28132646443800053131 /* LocationManager.swift in Sources */ = {isa = PBXBuildFile; fileRef = 509C27C326463C6100053131 /* LocationManager.swift */; };
		509C281D26464A6200053131 /* WeatherType.swift in Sources */ = {isa = PBXBuildFile; fileRef = 509C281C26464A6200053131 /* WeatherType.swift */; };
		509C283B2646655400053131 /* SF-Pro-Rounded-Bold.otf in Resources */ = {isa = PBXBuildFile; fileRef = 509C283A2646655400053131 /* SF-Pro-Rounded-Bold.otf */; };
		509C283C2646655400053131 /* SF-Pro-Rounded-Bold.otf in Resources */ = {isa = PBXBuildFile; fileRef = 509C283A2646655400053131 /* SF-Pro-Rounded-Bold.otf */; };
		509C28422646656B00053131 /* SF-Pro-Rounded-Regular.otf in Resources */ = {isa = PBXBuildFile; fileRef = 509C28412646656B00053131 /* SF-Pro-Rounded-Regular.otf */; };
		509C28432646656B00053131 /* SF-Pro-Rounded-Regular.otf in Resources */ = {isa = PBXBuildFile; fileRef = 509C28412646656B00053131 /* SF-Pro-Rounded-Regular.otf */; };
		509C28492646665500053131 /* SF-Pro-Text-Regular.otf in Resources */ = {isa = PBXBuildFile; fileRef = 509C28482646665500053131 /* SF-Pro-Text-Regular.otf */; };
		509C284A2646665500053131 /* SF-Pro-Text-Regular.otf in Resources */ = {isa = PBXBuildFile; fileRef = 509C28482646665500053131 /* SF-Pro-Text-Regular.otf */; };
		509C2850264667B600053131 /* FontName.swift in Sources */ = {isa = PBXBuildFile; fileRef = 509C284F264667B600053131 /* FontName.swift */; };
		509C2851264667B600053131 /* FontName.swift in Sources */ = {isa = PBXBuildFile; fileRef = 509C284F264667B600053131 /* FontName.swift */; };
		509C28572646689A00053131 /* UIViewExtension.swift in Sources */ = {isa = PBXBuildFile; fileRef = 509C28562646689A00053131 /* UIViewExtension.swift */; };
		509C28582646689A00053131 /* UIViewExtension.swift in Sources */ = {isa = PBXBuildFile; fileRef = 509C28562646689A00053131 /* UIViewExtension.swift */; };
		509C286D26467FC400053131 /* ViewType.swift in Sources */ = {isa = PBXBuildFile; fileRef = 509C286C26467FC400053131 /* ViewType.swift */; };
		509C28722646931800053131 /* WeatherType.swift in Sources */ = {isa = PBXBuildFile; fileRef = 509C281C26464A6200053131 /* WeatherType.swift */; };
		509C28772646931B00053131 /* ViewType.swift in Sources */ = {isa = PBXBuildFile; fileRef = 509C286C26467FC400053131 /* ViewType.swift */; };
/* End PBXBuildFile section */

/* Begin PBXContainerItemProxy section */
		5074106E26452EBB00B8E505 /* PBXContainerItemProxy */ = {
			isa = PBXContainerItemProxy;
			containerPortal = 5074104C26452EB600B8E505 /* Project object */;
			proxyType = 1;
			remoteGlobalIDString = 5074105326452EB700B8E505;
			remoteInfo = "Babel skills test";
		};
		5074107926452EBB00B8E505 /* PBXContainerItemProxy */ = {
			isa = PBXContainerItemProxy;
			containerPortal = 5074104C26452EB600B8E505 /* Project object */;
			proxyType = 1;
			remoteGlobalIDString = 5074105326452EB700B8E505;
			remoteInfo = "Babel skills test";
		};
		507410A026452F8B00B8E505 /* PBXContainerItemProxy */ = {
			isa = PBXContainerItemProxy;
			containerPortal = 5074104C26452EB600B8E505 /* Project object */;
			proxyType = 1;
			remoteGlobalIDString = 5074109026452F8900B8E505;
			remoteInfo = "Widget skills testExtension";
		};
/* End PBXContainerItemProxy section */

/* Begin PBXCopyFilesBuildPhase section */
		507410A626452F8B00B8E505 /* Embed App Extensions */ = {
			isa = PBXCopyFilesBuildPhase;
			buildActionMask = 2147483647;
			dstPath = "";
			dstSubfolderSpec = 13;
			files = (
				507410A226452F8B00B8E505 /* Widget skills testExtension.appex in Embed App Extensions */,
			);
			name = "Embed App Extensions";
			runOnlyForDeploymentPostprocessing = 0;
		};
/* End PBXCopyFilesBuildPhase section */

/* Begin PBXFileReference section */
		5074105426452EB700B8E505 /* Babel skills test.app */ = {isa = PBXFileReference; explicitFileType = wrapper.application; includeInIndex = 0; path = "Babel skills test.app"; sourceTree = BUILT_PRODUCTS_DIR; };
		5074105726452EB700B8E505 /* AppDelegate.swift */ = {isa = PBXFileReference; lastKnownFileType = sourcecode.swift; path = AppDelegate.swift; sourceTree = "<group>"; };
		5074105926452EB700B8E505 /* SceneDelegate.swift */ = {isa = PBXFileReference; lastKnownFileType = sourcecode.swift; path = SceneDelegate.swift; sourceTree = "<group>"; };
		5074105B26452EB700B8E505 /* ViewController.swift */ = {isa = PBXFileReference; lastKnownFileType = sourcecode.swift; path = ViewController.swift; sourceTree = "<group>"; };
		5074105E26452EB700B8E505 /* Base */ = {isa = PBXFileReference; lastKnownFileType = file.storyboard; name = Base; path = Base.lproj/Main.storyboard; sourceTree = "<group>"; };
		5074106126452EB700B8E505 /* Babel_skills_test.xcdatamodel */ = {isa = PBXFileReference; lastKnownFileType = wrapper.xcdatamodel; path = Babel_skills_test.xcdatamodel; sourceTree = "<group>"; };
		5074106326452EBA00B8E505 /* Assets.xcassets */ = {isa = PBXFileReference; lastKnownFileType = folder.assetcatalog; path = Assets.xcassets; sourceTree = "<group>"; };
		5074106626452EBA00B8E505 /* Base */ = {isa = PBXFileReference; lastKnownFileType = file.storyboard; name = Base; path = Base.lproj/LaunchScreen.storyboard; sourceTree = "<group>"; };
		5074106826452EBA00B8E505 /* Info.plist */ = {isa = PBXFileReference; lastKnownFileType = text.plist.xml; path = Info.plist; sourceTree = "<group>"; };
		5074106D26452EBA00B8E505 /* Babel skills testTests.xctest */ = {isa = PBXFileReference; explicitFileType = wrapper.cfbundle; includeInIndex = 0; path = "Babel skills testTests.xctest"; sourceTree = BUILT_PRODUCTS_DIR; };
		5074107126452EBB00B8E505 /* Babel_skills_testTests.swift */ = {isa = PBXFileReference; lastKnownFileType = sourcecode.swift; path = Babel_skills_testTests.swift; sourceTree = "<group>"; };
		5074107326452EBB00B8E505 /* Info.plist */ = {isa = PBXFileReference; lastKnownFileType = text.plist.xml; path = Info.plist; sourceTree = "<group>"; };
		5074107826452EBB00B8E505 /* Babel skills testUITests.xctest */ = {isa = PBXFileReference; explicitFileType = wrapper.cfbundle; includeInIndex = 0; path = "Babel skills testUITests.xctest"; sourceTree = BUILT_PRODUCTS_DIR; };
		5074107C26452EBB00B8E505 /* Babel_skills_testUITests.swift */ = {isa = PBXFileReference; lastKnownFileType = sourcecode.swift; path = Babel_skills_testUITests.swift; sourceTree = "<group>"; };
		5074107E26452EBB00B8E505 /* Info.plist */ = {isa = PBXFileReference; lastKnownFileType = text.plist.xml; path = Info.plist; sourceTree = "<group>"; };
		5074109126452F8900B8E505 /* Widget skills testExtension.appex */ = {isa = PBXFileReference; explicitFileType = "wrapper.app-extension"; includeInIndex = 0; path = "Widget skills testExtension.appex"; sourceTree = BUILT_PRODUCTS_DIR; };
		5074109326452F8900B8E505 /* WidgetKit.framework */ = {isa = PBXFileReference; lastKnownFileType = wrapper.framework; name = WidgetKit.framework; path = System/Library/Frameworks/WidgetKit.framework; sourceTree = SDKROOT; };
		5074109526452F8900B8E505 /* SwiftUI.framework */ = {isa = PBXFileReference; lastKnownFileType = wrapper.framework; name = SwiftUI.framework; path = System/Library/Frameworks/SwiftUI.framework; sourceTree = SDKROOT; };
		5074109826452F8900B8E505 /* Widget_skills_test.swift */ = {isa = PBXFileReference; lastKnownFileType = sourcecode.swift; path = Widget_skills_test.swift; sourceTree = "<group>"; };
		5074109A26452F8900B8E505 /* Widget_skills_test.intentdefinition */ = {isa = PBXFileReference; lastKnownFileType = file.intentdefinition; path = Widget_skills_test.intentdefinition; sourceTree = "<group>"; };
		5074109B26452F8B00B8E505 /* Assets.xcassets */ = {isa = PBXFileReference; lastKnownFileType = folder.assetcatalog; path = Assets.xcassets; sourceTree = "<group>"; };
		5074109D26452F8B00B8E505 /* Info.plist */ = {isa = PBXFileReference; lastKnownFileType = text.plist.xml; path = Info.plist; sourceTree = "<group>"; };
		507410B12645339100B8E505 /* WidgetCollectionviewCell.swift */ = {isa = PBXFileReference; lastKnownFileType = sourcecode.swift; path = WidgetCollectionviewCell.swift; sourceTree = "<group>"; };
		507410B22645339100B8E505 /* WidgetCollectionviewCell.xib */ = {isa = PBXFileReference; lastKnownFileType = file.xib; path = WidgetCollectionviewCell.xib; sourceTree = "<group>"; };
		507410E126457F1400B8E505 /* APIErrrors.swift */ = {isa = PBXFileReference; lastKnownFileType = sourcecode.swift; path = APIErrrors.swift; sourceTree = "<group>"; };
		507410E726457F3E00B8E505 /* AppEndpoint.swift */ = {isa = PBXFileReference; lastKnownFileType = sourcecode.swift; path = AppEndpoint.swift; sourceTree = "<group>"; };
		507410F126457F8900B8E505 /* ApiProvider.swift */ = {isa = PBXFileReference; lastKnownFileType = sourcecode.swift; path = ApiProvider.swift; sourceTree = "<group>"; };
		507410F726457FD700B8E505 /* Container.swift */ = {isa = PBXFileReference; lastKnownFileType = sourcecode.swift; path = Container.swift; sourceTree = "<group>"; };
		507410FE2645800D00B8E505 /* Global.swift */ = {isa = PBXFileReference; lastKnownFileType = sourcecode.swift; path = Global.swift; sourceTree = "<group>"; };
		5074110B2645815400B8E505 /* WeatherService.swift */ = {isa = PBXFileReference; lastKnownFileType = sourcecode.swift; path = WeatherService.swift; sourceTree = "<group>"; };
		50741116264583E600B8E505 /* WheatherResponse.swift */ = {isa = PBXFileReference; lastKnownFileType = sourcecode.swift; path = WheatherResponse.swift; sourceTree = "<group>"; };
		507411212645844200B8E505 /* ErrorResponse.swift */ = {isa = PBXFileReference; lastKnownFileType = sourcecode.swift; path = ErrorResponse.swift; sourceTree = "<group>"; };
		5074112B264584C400B8E505 /* DataExtension.swift */ = {isa = PBXFileReference; lastKnownFileType = sourcecode.swift; path = DataExtension.swift; sourceTree = "<group>"; };
		5074113126458A4800B8E505 /* ViewModel.swift */ = {isa = PBXFileReference; lastKnownFileType = sourcecode.swift; path = ViewModel.swift; sourceTree = "<group>"; };
		507411492645AF2600B8E505 /* Babel skills test.entitlements */ = {isa = PBXFileReference; lastKnownFileType = text.plist.entitlements; path = "Babel skills test.entitlements"; sourceTree = "<group>"; };
		5074114E2645AFC900B8E505 /* Widget skills testExtension.entitlements */ = {isa = PBXFileReference; lastKnownFileType = text.plist.entitlements; path = "Widget skills testExtension.entitlements"; sourceTree = "<group>"; };
		509C27C326463C6100053131 /* LocationManager.swift */ = {isa = PBXFileReference; lastKnownFileType = sourcecode.swift; path = LocationManager.swift; sourceTree = "<group>"; };
		509C27C926463D8400053131 /* WidgetNetworkManager.swift */ = {isa = PBXFileReference; lastKnownFileType = sourcecode.swift; path = WidgetNetworkManager.swift; sourceTree = "<group>"; };
		509C281C26464A6200053131 /* WeatherType.swift */ = {isa = PBXFileReference; lastKnownFileType = sourcecode.swift; path = WeatherType.swift; sourceTree = "<group>"; };
		509C283A2646655400053131 /* SF-Pro-Rounded-Bold.otf */ = {isa = PBXFileReference; lastKnownFileType = file; path = "SF-Pro-Rounded-Bold.otf"; sourceTree = "<group>"; };
		509C28412646656B00053131 /* SF-Pro-Rounded-Regular.otf */ = {isa = PBXFileReference; lastKnownFileType = file; path = "SF-Pro-Rounded-Regular.otf"; sourceTree = "<group>"; };
		509C28482646665500053131 /* SF-Pro-Text-Regular.otf */ = {isa = PBXFileReference; lastKnownFileType = file; path = "SF-Pro-Text-Regular.otf"; sourceTree = "<group>"; };
		509C284F264667B600053131 /* FontName.swift */ = {isa = PBXFileReference; lastKnownFileType = sourcecode.swift; path = FontName.swift; sourceTree = "<group>"; };
		509C28562646689A00053131 /* UIViewExtension.swift */ = {isa = PBXFileReference; lastKnownFileType = sourcecode.swift; path = UIViewExtension.swift; sourceTree = "<group>"; };
		509C286C26467FC400053131 /* ViewType.swift */ = {isa = PBXFileReference; lastKnownFileType = sourcecode.swift; path = ViewType.swift; sourceTree = "<group>"; };
/* End PBXFileReference section */

/* Begin PBXFrameworksBuildPhase section */
		5074105126452EB700B8E505 /* Frameworks */ = {
			isa = PBXFrameworksBuildPhase;
			buildActionMask = 2147483647;
			files = (
			);
			runOnlyForDeploymentPostprocessing = 0;
		};
		5074106A26452EBA00B8E505 /* Frameworks */ = {
			isa = PBXFrameworksBuildPhase;
			buildActionMask = 2147483647;
			files = (
			);
			runOnlyForDeploymentPostprocessing = 0;
		};
		5074107526452EBB00B8E505 /* Frameworks */ = {
			isa = PBXFrameworksBuildPhase;
			buildActionMask = 2147483647;
			files = (
			);
			runOnlyForDeploymentPostprocessing = 0;
		};
		5074108E26452F8900B8E505 /* Frameworks */ = {
			isa = PBXFrameworksBuildPhase;
			buildActionMask = 2147483647;
			files = (
				5074109626452F8900B8E505 /* SwiftUI.framework in Frameworks */,
				5074109426452F8900B8E505 /* WidgetKit.framework in Frameworks */,
			);
			runOnlyForDeploymentPostprocessing = 0;
		};
/* End PBXFrameworksBuildPhase section */

/* Begin PBXGroup section */
		5074104B26452EB600B8E505 = {
			isa = PBXGroup;
			children = (
				5074114E2645AFC900B8E505 /* Widget skills testExtension.entitlements */,
				509C2863264673DD00053131 /* Source */,
				5074105626452EB700B8E505 /* Babel skills test */,
				5074107026452EBB00B8E505 /* Babel skills testTests */,
				5074107B26452EBB00B8E505 /* Babel skills testUITests */,
				5074109726452F8900B8E505 /* Widget skills test */,
				5074109226452F8900B8E505 /* Frameworks */,
				5074105526452EB700B8E505 /* Products */,
			);
			sourceTree = "<group>";
		};
		5074105526452EB700B8E505 /* Products */ = {
			isa = PBXGroup;
			children = (
				5074105426452EB700B8E505 /* Babel skills test.app */,
				5074106D26452EBA00B8E505 /* Babel skills testTests.xctest */,
				5074107826452EBB00B8E505 /* Babel skills testUITests.xctest */,
				5074109126452F8900B8E505 /* Widget skills testExtension.appex */,
			);
			name = Products;
			sourceTree = "<group>";
		};
		5074105626452EB700B8E505 /* Babel skills test */ = {
			isa = PBXGroup;
			children = (
				507411492645AF2600B8E505 /* Babel skills test.entitlements */,
				5074105726452EB700B8E505 /* AppDelegate.swift */,
				5074105926452EB700B8E505 /* SceneDelegate.swift */,
				5074106326452EBA00B8E505 /* Assets.xcassets */,
				5074106826452EBA00B8E505 /* Info.plist */,
				5074106026452EB700B8E505 /* Babel_skills_test.xcdatamodeld */,
			);
			path = "Babel skills test";
			sourceTree = "<group>";
		};
		5074107026452EBB00B8E505 /* Babel skills testTests */ = {
			isa = PBXGroup;
			children = (
				5074107126452EBB00B8E505 /* Babel_skills_testTests.swift */,
				5074107326452EBB00B8E505 /* Info.plist */,
			);
			path = "Babel skills testTests";
			sourceTree = "<group>";
		};
		5074107B26452EBB00B8E505 /* Babel skills testUITests */ = {
			isa = PBXGroup;
			children = (
				5074107C26452EBB00B8E505 /* Babel_skills_testUITests.swift */,
				5074107E26452EBB00B8E505 /* Info.plist */,
			);
			path = "Babel skills testUITests";
			sourceTree = "<group>";
		};
		5074109226452F8900B8E505 /* Frameworks */ = {
			isa = PBXGroup;
			children = (
				5074109326452F8900B8E505 /* WidgetKit.framework */,
				5074109526452F8900B8E505 /* SwiftUI.framework */,
			);
			name = Frameworks;
			sourceTree = "<group>";
		};
		5074109726452F8900B8E505 /* Widget skills test */ = {
			isa = PBXGroup;
			children = (
				5074109826452F8900B8E505 /* Widget_skills_test.swift */,
				5074109A26452F8900B8E505 /* Widget_skills_test.intentdefinition */,
				5074109B26452F8B00B8E505 /* Assets.xcassets */,
				5074109D26452F8B00B8E505 /* Info.plist */,
				509C27C926463D8400053131 /* WidgetNetworkManager.swift */,
			);
			path = "Widget skills test";
			sourceTree = "<group>";
		};
		507410AB264532D000B8E505 /* Storyboards */ = {
			isa = PBXGroup;
			children = (
				5074105D26452EB700B8E505 /* Main.storyboard */,
				5074106526452EBA00B8E505 /* LaunchScreen.storyboard */,
			);
			path = Storyboards;
			sourceTree = "<group>";
		};
		507410AC264532DF00B8E505 /* ViewControllers */ = {
			isa = PBXGroup;
			children = (
				5074105B26452EB700B8E505 /* ViewController.swift */,
				5074113126458A4800B8E505 /* ViewModel.swift */,
			);
			path = ViewControllers;
			sourceTree = "<group>";
		};
		507410AF2645334C00B8E505 /* Modules */ = {
			isa = PBXGroup;
			children = (
				507410AB264532D000B8E505 /* Storyboards */,
				507410B02645336400B8E505 /* Views */,
				507410AC264532DF00B8E505 /* ViewControllers */,
			);
			path = Modules;
			sourceTree = "<group>";
		};
		507410B02645336400B8E505 /* Views */ = {
			isa = PBXGroup;
			children = (
				507410B12645339100B8E505 /* WidgetCollectionviewCell.swift */,
				507410B22645339100B8E505 /* WidgetCollectionviewCell.xib */,
			);
			path = Views;
			sourceTree = "<group>";
		};
		507410E026457EFB00B8E505 /* Network */ = {
			isa = PBXGroup;
			children = (
				50741115264583D000B8E505 /* Models */,
				5074110A2645814900B8E505 /* Service */,
				507410E126457F1400B8E505 /* APIErrrors.swift */,
				507410E726457F3E00B8E505 /* AppEndpoint.swift */,
				507410F126457F8900B8E505 /* ApiProvider.swift */,
				507410F726457FD700B8E505 /* Container.swift */,
			);
			path = Network;
			sourceTree = "<group>";
		};
		507410FD26457FFA00B8E505 /* AppConstants */ = {
			isa = PBXGroup;
			children = (
				507410FE2645800D00B8E505 /* Global.swift */,
			);
			path = AppConstants;
			sourceTree = "<group>";
		};
		50741108264580E500B8E505 /* Extension */ = {
			isa = PBXGroup;
			children = (
				5074112B264584C400B8E505 /* DataExtension.swift */,
				509C28562646689A00053131 /* UIViewExtension.swift */,
			);
			path = Extension;
			sourceTree = "<group>";
		};
		5074110A2645814900B8E505 /* Service */ = {
			isa = PBXGroup;
			children = (
				5074110B2645815400B8E505 /* WeatherService.swift */,
			);
			path = Service;
			sourceTree = "<group>";
		};
		50741115264583D000B8E505 /* Models */ = {
			isa = PBXGroup;
			children = (
				50741116264583E600B8E505 /* WheatherResponse.swift */,
				507411212645844200B8E505 /* ErrorResponse.swift */,
				509C281C26464A6200053131 /* WeatherType.swift */,
				509C286C26467FC400053131 /* ViewType.swift */,
			);
			path = Models;
			sourceTree = "<group>";
		};
		509C28122646442000053131 /* Managers */ = {
			isa = PBXGroup;
			children = (
				509C27C326463C6100053131 /* LocationManager.swift */,
			);
			path = Managers;
			sourceTree = "<group>";
		};
		509C2822264657EC00053131 /* Designs */ = {
			isa = PBXGroup;
			children = (
				509C282D2646582900053131 /* Fonts */,
				509C284F264667B600053131 /* FontName.swift */,
			);
			path = Designs;
			sourceTree = "<group>";
		};
		509C282D2646582900053131 /* Fonts */ = {
			isa = PBXGroup;
			children = (
				509C28482646665500053131 /* SF-Pro-Text-Regular.otf */,
				509C283A2646655400053131 /* SF-Pro-Rounded-Bold.otf */,
				509C28412646656B00053131 /* SF-Pro-Rounded-Regular.otf */,
			);
			path = Fonts;
			sourceTree = "<group>";
		};
		509C2863264673DD00053131 /* Source */ = {
			isa = PBXGroup;
			children = (
				509C2822264657EC00053131 /* Designs */,
				509C28122646442000053131 /* Managers */,
				50741108264580E500B8E505 /* Extension */,
				507410FD26457FFA00B8E505 /* AppConstants */,
				507410E026457EFB00B8E505 /* Network */,
				507410AF2645334C00B8E505 /* Modules */,
			);
			path = Source;
			sourceTree = "<group>";
		};
/* End PBXGroup section */

/* Begin PBXNativeTarget section */
		5074105326452EB700B8E505 /* Babel skills test */ = {
			isa = PBXNativeTarget;
			buildConfigurationList = 5074108126452EBB00B8E505 /* Build configuration list for PBXNativeTarget "Babel skills test" */;
			buildPhases = (
				5074105026452EB700B8E505 /* Sources */,
				5074105126452EB700B8E505 /* Frameworks */,
				5074105226452EB700B8E505 /* Resources */,
				507410A626452F8B00B8E505 /* Embed App Extensions */,
			);
			buildRules = (
			);
			dependencies = (
				507410A126452F8B00B8E505 /* PBXTargetDependency */,
			);
			name = "Babel skills test";
			productName = "Babel skills test";
			productReference = 5074105426452EB700B8E505 /* Babel skills test.app */;
			productType = "com.apple.product-type.application";
		};
		5074106C26452EBA00B8E505 /* Babel skills testTests */ = {
			isa = PBXNativeTarget;
			buildConfigurationList = 5074108426452EBB00B8E505 /* Build configuration list for PBXNativeTarget "Babel skills testTests" */;
			buildPhases = (
				5074106926452EBA00B8E505 /* Sources */,
				5074106A26452EBA00B8E505 /* Frameworks */,
				5074106B26452EBA00B8E505 /* Resources */,
			);
			buildRules = (
			);
			dependencies = (
				5074106F26452EBB00B8E505 /* PBXTargetDependency */,
			);
			name = "Babel skills testTests";
			productName = "Babel skills testTests";
			productReference = 5074106D26452EBA00B8E505 /* Babel skills testTests.xctest */;
			productType = "com.apple.product-type.bundle.unit-test";
		};
		5074107726452EBB00B8E505 /* Babel skills testUITests */ = {
			isa = PBXNativeTarget;
			buildConfigurationList = 5074108726452EBB00B8E505 /* Build configuration list for PBXNativeTarget "Babel skills testUITests" */;
			buildPhases = (
				5074107426452EBB00B8E505 /* Sources */,
				5074107526452EBB00B8E505 /* Frameworks */,
				5074107626452EBB00B8E505 /* Resources */,
			);
			buildRules = (
			);
			dependencies = (
				5074107A26452EBB00B8E505 /* PBXTargetDependency */,
			);
			name = "Babel skills testUITests";
			productName = "Babel skills testUITests";
			productReference = 5074107826452EBB00B8E505 /* Babel skills testUITests.xctest */;
			productType = "com.apple.product-type.bundle.ui-testing";
		};
		5074109026452F8900B8E505 /* Widget skills testExtension */ = {
			isa = PBXNativeTarget;
			buildConfigurationList = 507410A326452F8B00B8E505 /* Build configuration list for PBXNativeTarget "Widget skills testExtension" */;
			buildPhases = (
				5074108D26452F8900B8E505 /* Sources */,
				5074108E26452F8900B8E505 /* Frameworks */,
				5074108F26452F8900B8E505 /* Resources */,
			);
			buildRules = (
			);
			dependencies = (
			);
			name = "Widget skills testExtension";
			productName = "Widget skills testExtension";
			productReference = 5074109126452F8900B8E505 /* Widget skills testExtension.appex */;
			productType = "com.apple.product-type.app-extension";
		};
/* End PBXNativeTarget section */

/* Begin PBXProject section */
		5074104C26452EB600B8E505 /* Project object */ = {
			isa = PBXProject;
			attributes = {
				LastSwiftUpdateCheck = 1230;
				LastUpgradeCheck = 1230;
				TargetAttributes = {
					5074105326452EB700B8E505 = {
						CreatedOnToolsVersion = 12.3;
					};
					5074106C26452EBA00B8E505 = {
						CreatedOnToolsVersion = 12.3;
						TestTargetID = 5074105326452EB700B8E505;
					};
					5074107726452EBB00B8E505 = {
						CreatedOnToolsVersion = 12.3;
						TestTargetID = 5074105326452EB700B8E505;
					};
					5074109026452F8900B8E505 = {
						CreatedOnToolsVersion = 12.3;
					};
				};
			};
			buildConfigurationList = 5074104F26452EB600B8E505 /* Build configuration list for PBXProject "Babel skills test" */;
			compatibilityVersion = "Xcode 9.3";
			developmentRegion = en;
			hasScannedForEncodings = 0;
			knownRegions = (
				en,
				Base,
			);
			mainGroup = 5074104B26452EB600B8E505;
			productRefGroup = 5074105526452EB700B8E505 /* Products */;
			projectDirPath = "";
			projectRoot = "";
			targets = (
				5074105326452EB700B8E505 /* Babel skills test */,
				5074106C26452EBA00B8E505 /* Babel skills testTests */,
				5074107726452EBB00B8E505 /* Babel skills testUITests */,
				5074109026452F8900B8E505 /* Widget skills testExtension */,
			);
		};
/* End PBXProject section */

/* Begin PBXResourcesBuildPhase section */
		5074105226452EB700B8E505 /* Resources */ = {
			isa = PBXResourcesBuildPhase;
			buildActionMask = 2147483647;
			files = (
				507410B42645339100B8E505 /* WidgetCollectionviewCell.xib in Resources */,
				5074106726452EBA00B8E505 /* LaunchScreen.storyboard in Resources */,
				5074106426452EBA00B8E505 /* Assets.xcassets in Resources */,
				5074105F26452EB700B8E505 /* Main.storyboard in Resources */,
				509C283B2646655400053131 /* SF-Pro-Rounded-Bold.otf in Resources */,
				509C28422646656B00053131 /* SF-Pro-Rounded-Regular.otf in Resources */,
				509C28492646665500053131 /* SF-Pro-Text-Regular.otf in Resources */,
			);
			runOnlyForDeploymentPostprocessing = 0;
		};
		5074106B26452EBA00B8E505 /* Resources */ = {
			isa = PBXResourcesBuildPhase;
			buildActionMask = 2147483647;
			files = (
			);
			runOnlyForDeploymentPostprocessing = 0;
		};
		5074107626452EBB00B8E505 /* Resources */ = {
			isa = PBXResourcesBuildPhase;
			buildActionMask = 2147483647;
			files = (
			);
			runOnlyForDeploymentPostprocessing = 0;
		};
		5074108F26452F8900B8E505 /* Resources */ = {
			isa = PBXResourcesBuildPhase;
			buildActionMask = 2147483647;
			files = (
				5074109C26452F8B00B8E505 /* Assets.xcassets in Resources */,
				509C283C2646655400053131 /* SF-Pro-Rounded-Bold.otf in Resources */,
				509C284A2646665500053131 /* SF-Pro-Text-Regular.otf in Resources */,
				509C28432646656B00053131 /* SF-Pro-Rounded-Regular.otf in Resources */,
			);
			runOnlyForDeploymentPostprocessing = 0;
		};
/* End PBXResourcesBuildPhase section */

/* Begin PBXSourcesBuildPhase section */
		5074105026452EB700B8E505 /* Sources */ = {
			isa = PBXSourcesBuildPhase;
			buildActionMask = 2147483647;
			files = (
				509C286D26467FC400053131 /* ViewType.swift in Sources */,
				507410B32645339100B8E505 /* WidgetCollectionviewCell.swift in Sources */,
				507410E226457F1400B8E505 /* APIErrrors.swift in Sources */,
				509C2850264667B600053131 /* FontName.swift in Sources */,
				507410E826457F3E00B8E505 /* AppEndpoint.swift in Sources */,
				5074106226452EB700B8E505 /* Babel_skills_test.xcdatamodeld in Sources */,
				5074112C264584C400B8E505 /* DataExtension.swift in Sources */,
				5074110C2645815400B8E505 /* WeatherService.swift in Sources */,
				5074113226458A4800B8E505 /* ViewModel.swift in Sources */,
				5074105C26452EB700B8E505 /* ViewController.swift in Sources */,
				5074105826452EB700B8E505 /* AppDelegate.swift in Sources */,
				509C28572646689A00053131 /* UIViewExtension.swift in Sources */,
				507410FF2645800D00B8E505 /* Global.swift in Sources */,
				507410F226457F8900B8E505 /* ApiProvider.swift in Sources */,
				507410F826457FD700B8E505 /* Container.swift in Sources */,
				50741117264583E600B8E505 /* WheatherResponse.swift in Sources */,
				5074109F26452F8B00B8E505 /* Widget_skills_test.intentdefinition in Sources */,
				509C28132646443800053131 /* LocationManager.swift in Sources */,
				5074105A26452EB700B8E505 /* SceneDelegate.swift in Sources */,
				509C281D26464A6200053131 /* WeatherType.swift in Sources */,
				507411222645844200B8E505 /* ErrorResponse.swift in Sources */,
			);
			runOnlyForDeploymentPostprocessing = 0;
		};
		5074106926452EBA00B8E505 /* Sources */ = {
			isa = PBXSourcesBuildPhase;
			buildActionMask = 2147483647;
			files = (
				5074107226452EBB00B8E505 /* Babel_skills_testTests.swift in Sources */,
			);
			runOnlyForDeploymentPostprocessing = 0;
		};
		5074107426452EBB00B8E505 /* Sources */ = {
			isa = PBXSourcesBuildPhase;
			buildActionMask = 2147483647;
			files = (
				5074107D26452EBB00B8E505 /* Babel_skills_testUITests.swift in Sources */,
			);
			runOnlyForDeploymentPostprocessing = 0;
		};
		5074108D26452F8900B8E505 /* Sources */ = {
			isa = PBXSourcesBuildPhase;
			buildActionMask = 2147483647;
			files = (
				509C28582646689A00053131 /* UIViewExtension.swift in Sources */,
				509C27D426463DEA00053131 /* APIErrrors.swift in Sources */,
				5074109E26452F8B00B8E505 /* Widget_skills_test.intentdefinition in Sources */,
				509C27D926463DED00053131 /* AppEndpoint.swift in Sources */,
				509C280D26463FD600053131 /* WidgetNetworkManager.swift in Sources */,
				509C27F726463E0800053131 /* DataExtension.swift in Sources */,
				509C27ED26463E0000053131 /* WheatherResponse.swift in Sources */,
				509C27DE26463DF000053131 /* ApiProvider.swift in Sources */,
				509C27E326463DF200053131 /* Container.swift in Sources */,
				509C27CF26463DE700053131 /* WeatherService.swift in Sources */,
				5074109926452F8900B8E505 /* Widget_skills_test.swift in Sources */,
				509C27F226463E0300053131 /* Global.swift in Sources */,
				509C2851264667B600053131 /* FontName.swift in Sources */,
				509C280426463FD200053131 /* LocationManager.swift in Sources */,
				509C28722646931800053131 /* WeatherType.swift in Sources */,
				509C27E826463DFD00053131 /* ErrorResponse.swift in Sources */,
				509C28772646931B00053131 /* ViewType.swift in Sources */,
			);
			runOnlyForDeploymentPostprocessing = 0;
		};
/* End PBXSourcesBuildPhase section */

/* Begin PBXTargetDependency section */
		5074106F26452EBB00B8E505 /* PBXTargetDependency */ = {
			isa = PBXTargetDependency;
			target = 5074105326452EB700B8E505 /* Babel skills test */;
			targetProxy = 5074106E26452EBB00B8E505 /* PBXContainerItemProxy */;
		};
		5074107A26452EBB00B8E505 /* PBXTargetDependency */ = {
			isa = PBXTargetDependency;
			target = 5074105326452EB700B8E505 /* Babel skills test */;
			targetProxy = 5074107926452EBB00B8E505 /* PBXContainerItemProxy */;
		};
		507410A126452F8B00B8E505 /* PBXTargetDependency */ = {
			isa = PBXTargetDependency;
			target = 5074109026452F8900B8E505 /* Widget skills testExtension */;
			targetProxy = 507410A026452F8B00B8E505 /* PBXContainerItemProxy */;
		};
/* End PBXTargetDependency section */

/* Begin PBXVariantGroup section */
		5074105D26452EB700B8E505 /* Main.storyboard */ = {
			isa = PBXVariantGroup;
			children = (
				5074105E26452EB700B8E505 /* Base */,
			);
			name = Main.storyboard;
			sourceTree = "<group>";
		};
		5074106526452EBA00B8E505 /* LaunchScreen.storyboard */ = {
			isa = PBXVariantGroup;
			children = (
				5074106626452EBA00B8E505 /* Base */,
			);
			name = LaunchScreen.storyboard;
			sourceTree = "<group>";
		};
/* End PBXVariantGroup section */

/* Begin XCBuildConfiguration section */
		5074107F26452EBB00B8E505 /* Debug */ = {
			isa = XCBuildConfiguration;
			buildSettings = {
				ALWAYS_SEARCH_USER_PATHS = NO;
				CLANG_ANALYZER_NONNULL = YES;
				CLANG_ANALYZER_NUMBER_OBJECT_CONVERSION = YES_AGGRESSIVE;
				CLANG_CXX_LANGUAGE_STANDARD = "gnu++14";
				CLANG_CXX_LIBRARY = "libc++";
				CLANG_ENABLE_MODULES = YES;
				CLANG_ENABLE_OBJC_ARC = YES;
				CLANG_ENABLE_OBJC_WEAK = YES;
				CLANG_WARN_BLOCK_CAPTURE_AUTORELEASING = YES;
				CLANG_WARN_BOOL_CONVERSION = YES;
				CLANG_WARN_COMMA = YES;
				CLANG_WARN_CONSTANT_CONVERSION = YES;
				CLANG_WARN_DEPRECATED_OBJC_IMPLEMENTATIONS = YES;
				CLANG_WARN_DIRECT_OBJC_ISA_USAGE = YES_ERROR;
				CLANG_WARN_DOCUMENTATION_COMMENTS = YES;
				CLANG_WARN_EMPTY_BODY = YES;
				CLANG_WARN_ENUM_CONVERSION = YES;
				CLANG_WARN_INFINITE_RECURSION = YES;
				CLANG_WARN_INT_CONVERSION = YES;
				CLANG_WARN_NON_LITERAL_NULL_CONVERSION = YES;
				CLANG_WARN_OBJC_IMPLICIT_RETAIN_SELF = YES;
				CLANG_WARN_OBJC_LITERAL_CONVERSION = YES;
				CLANG_WARN_OBJC_ROOT_CLASS = YES_ERROR;
				CLANG_WARN_QUOTED_INCLUDE_IN_FRAMEWORK_HEADER = YES;
				CLANG_WARN_RANGE_LOOP_ANALYSIS = YES;
				CLANG_WARN_STRICT_PROTOTYPES = YES;
				CLANG_WARN_SUSPICIOUS_MOVE = YES;
				CLANG_WARN_UNGUARDED_AVAILABILITY = YES_AGGRESSIVE;
				CLANG_WARN_UNREACHABLE_CODE = YES;
				CLANG_WARN__DUPLICATE_METHOD_MATCH = YES;
				COPY_PHASE_STRIP = NO;
				DEBUG_INFORMATION_FORMAT = dwarf;
				ENABLE_STRICT_OBJC_MSGSEND = YES;
				ENABLE_TESTABILITY = YES;
				GCC_C_LANGUAGE_STANDARD = gnu11;
				GCC_DYNAMIC_NO_PIC = NO;
				GCC_NO_COMMON_BLOCKS = YES;
				GCC_OPTIMIZATION_LEVEL = 0;
				GCC_PREPROCESSOR_DEFINITIONS = (
					"DEBUG=1",
					"$(inherited)",
				);
				GCC_WARN_64_TO_32_BIT_CONVERSION = YES;
				GCC_WARN_ABOUT_RETURN_TYPE = YES_ERROR;
				GCC_WARN_UNDECLARED_SELECTOR = YES;
				GCC_WARN_UNINITIALIZED_AUTOS = YES_AGGRESSIVE;
				GCC_WARN_UNUSED_FUNCTION = YES;
				GCC_WARN_UNUSED_VARIABLE = YES;
				IPHONEOS_DEPLOYMENT_TARGET = 14.3;
				MTL_ENABLE_DEBUG_INFO = INCLUDE_SOURCE;
				MTL_FAST_MATH = YES;
				ONLY_ACTIVE_ARCH = YES;
				SDKROOT = iphoneos;
				SWIFT_ACTIVE_COMPILATION_CONDITIONS = DEBUG;
				SWIFT_OPTIMIZATION_LEVEL = "-Onone";
			};
			name = Debug;
		};
		5074108026452EBB00B8E505 /* Release */ = {
			isa = XCBuildConfiguration;
			buildSettings = {
				ALWAYS_SEARCH_USER_PATHS = NO;
				CLANG_ANALYZER_NONNULL = YES;
				CLANG_ANALYZER_NUMBER_OBJECT_CONVERSION = YES_AGGRESSIVE;
				CLANG_CXX_LANGUAGE_STANDARD = "gnu++14";
				CLANG_CXX_LIBRARY = "libc++";
				CLANG_ENABLE_MODULES = YES;
				CLANG_ENABLE_OBJC_ARC = YES;
				CLANG_ENABLE_OBJC_WEAK = YES;
				CLANG_WARN_BLOCK_CAPTURE_AUTORELEASING = YES;
				CLANG_WARN_BOOL_CONVERSION = YES;
				CLANG_WARN_COMMA = YES;
				CLANG_WARN_CONSTANT_CONVERSION = YES;
				CLANG_WARN_DEPRECATED_OBJC_IMPLEMENTATIONS = YES;
				CLANG_WARN_DIRECT_OBJC_ISA_USAGE = YES_ERROR;
				CLANG_WARN_DOCUMENTATION_COMMENTS = YES;
				CLANG_WARN_EMPTY_BODY = YES;
				CLANG_WARN_ENUM_CONVERSION = YES;
				CLANG_WARN_INFINITE_RECURSION = YES;
				CLANG_WARN_INT_CONVERSION = YES;
				CLANG_WARN_NON_LITERAL_NULL_CONVERSION = YES;
				CLANG_WARN_OBJC_IMPLICIT_RETAIN_SELF = YES;
				CLANG_WARN_OBJC_LITERAL_CONVERSION = YES;
				CLANG_WARN_OBJC_ROOT_CLASS = YES_ERROR;
				CLANG_WARN_QUOTED_INCLUDE_IN_FRAMEWORK_HEADER = YES;
				CLANG_WARN_RANGE_LOOP_ANALYSIS = YES;
				CLANG_WARN_STRICT_PROTOTYPES = YES;
				CLANG_WARN_SUSPICIOUS_MOVE = YES;
				CLANG_WARN_UNGUARDED_AVAILABILITY = YES_AGGRESSIVE;
				CLANG_WARN_UNREACHABLE_CODE = YES;
				CLANG_WARN__DUPLICATE_METHOD_MATCH = YES;
				COPY_PHASE_STRIP = NO;
				DEBUG_INFORMATION_FORMAT = "dwarf-with-dsym";
				ENABLE_NS_ASSERTIONS = NO;
				ENABLE_STRICT_OBJC_MSGSEND = YES;
				GCC_C_LANGUAGE_STANDARD = gnu11;
				GCC_NO_COMMON_BLOCKS = YES;
				GCC_WARN_64_TO_32_BIT_CONVERSION = YES;
				GCC_WARN_ABOUT_RETURN_TYPE = YES_ERROR;
				GCC_WARN_UNDECLARED_SELECTOR = YES;
				GCC_WARN_UNINITIALIZED_AUTOS = YES_AGGRESSIVE;
				GCC_WARN_UNUSED_FUNCTION = YES;
				GCC_WARN_UNUSED_VARIABLE = YES;
				IPHONEOS_DEPLOYMENT_TARGET = 14.3;
				MTL_ENABLE_DEBUG_INFO = NO;
				MTL_FAST_MATH = YES;
				SDKROOT = iphoneos;
				SWIFT_COMPILATION_MODE = wholemodule;
				SWIFT_OPTIMIZATION_LEVEL = "-O";
				VALIDATE_PRODUCT = YES;
			};
			name = Release;
		};
		5074108226452EBB00B8E505 /* Debug */ = {
			isa = XCBuildConfiguration;
			buildSettings = {
				ALWAYS_EMBED_SWIFT_STANDARD_LIBRARIES = YES;
				ASSETCATALOG_COMPILER_APPICON_NAME = AppIcon;
				ASSETCATALOG_COMPILER_GLOBAL_ACCENT_COLOR_NAME = AccentColor;
				CODE_SIGN_ENTITLEMENTS = "Babel skills test/Babel skills test.entitlements";
				CODE_SIGN_STYLE = Automatic;
				DEVELOPMENT_TEAM = CE53774E6S;
				INFOPLIST_FILE = "Babel skills test/Info.plist";
				LD_RUNPATH_SEARCH_PATHS = (
					"$(inherited)",
					"@executable_path/Frameworks",
				);
				PRODUCT_BUNDLE_IDENTIFIER = "com.lotuslabs.work.Babel-skills-test";
				PRODUCT_NAME = "$(TARGET_NAME)";
				SWIFT_VERSION = 5.0;
				TARGETED_DEVICE_FAMILY = "1,2";
			};
			name = Debug;
		};
		5074108326452EBB00B8E505 /* Release */ = {
			isa = XCBuildConfiguration;
			buildSettings = {
				ALWAYS_EMBED_SWIFT_STANDARD_LIBRARIES = YES;
				ASSETCATALOG_COMPILER_APPICON_NAME = AppIcon;
				ASSETCATALOG_COMPILER_GLOBAL_ACCENT_COLOR_NAME = AccentColor;
				CODE_SIGN_ENTITLEMENTS = "Babel skills test/Babel skills test.entitlements";
				CODE_SIGN_STYLE = Automatic;
				DEVELOPMENT_TEAM = CE53774E6S;
				INFOPLIST_FILE = "Babel skills test/Info.plist";
				LD_RUNPATH_SEARCH_PATHS = (
					"$(inherited)",
					"@executable_path/Frameworks",
				);
				PRODUCT_BUNDLE_IDENTIFIER = "com.lotuslabs.work.Babel-skills-test";
				PRODUCT_NAME = "$(TARGET_NAME)";
				SWIFT_VERSION = 5.0;
				TARGETED_DEVICE_FAMILY = "1,2";
			};
			name = Release;
		};
		5074108526452EBB00B8E505 /* Debug */ = {
			isa = XCBuildConfiguration;
			buildSettings = {
				ALWAYS_EMBED_SWIFT_STANDARD_LIBRARIES = YES;
				BUNDLE_LOADER = "$(TEST_HOST)";
				CODE_SIGN_STYLE = Automatic;
				DEVELOPMENT_TEAM = CE53774E6S;
				INFOPLIST_FILE = "Babel skills testTests/Info.plist";
				IPHONEOS_DEPLOYMENT_TARGET = 14.3;
				LD_RUNPATH_SEARCH_PATHS = (
					"$(inherited)",
					"@executable_path/Frameworks",
					"@loader_path/Frameworks",
				);
				PRODUCT_BUNDLE_IDENTIFIER = "com.lotuslabs.work.Babel-skills-testTests";
				PRODUCT_NAME = "$(TARGET_NAME)";
				SWIFT_VERSION = 5.0;
				TARGETED_DEVICE_FAMILY = "1,2";
				TEST_HOST = "$(BUILT_PRODUCTS_DIR)/Babel skills test.app/Babel skills test";
			};
			name = Debug;
		};
		5074108626452EBB00B8E505 /* Release */ = {
			isa = XCBuildConfiguration;
			buildSettings = {
				ALWAYS_EMBED_SWIFT_STANDARD_LIBRARIES = YES;
				BUNDLE_LOADER = "$(TEST_HOST)";
				CODE_SIGN_STYLE = Automatic;
				DEVELOPMENT_TEAM = CE53774E6S;
				INFOPLIST_FILE = "Babel skills testTests/Info.plist";
				IPHONEOS_DEPLOYMENT_TARGET = 14.3;
				LD_RUNPATH_SEARCH_PATHS = (
					"$(inherited)",
					"@executable_path/Frameworks",
					"@loader_path/Frameworks",
				);
				PRODUCT_BUNDLE_IDENTIFIER = "com.lotuslabs.work.Babel-skills-testTests";
				PRODUCT_NAME = "$(TARGET_NAME)";
				SWIFT_VERSION = 5.0;
				TARGETED_DEVICE_FAMILY = "1,2";
				TEST_HOST = "$(BUILT_PRODUCTS_DIR)/Babel skills test.app/Babel skills test";
			};
			name = Release;
		};
		5074108826452EBB00B8E505 /* Debug */ = {
			isa = XCBuildConfiguration;
			buildSettings = {
				ALWAYS_EMBED_SWIFT_STANDARD_LIBRARIES = YES;
				CODE_SIGN_STYLE = Automatic;
				DEVELOPMENT_TEAM = CE53774E6S;
				INFOPLIST_FILE = "Babel skills testUITests/Info.plist";
				LD_RUNPATH_SEARCH_PATHS = (
					"$(inherited)",
					"@executable_path/Frameworks",
					"@loader_path/Frameworks",
				);
				PRODUCT_BUNDLE_IDENTIFIER = "com.lotuslabs.work.Babel-skills-testUITests";
				PRODUCT_NAME = "$(TARGET_NAME)";
				SWIFT_VERSION = 5.0;
				TARGETED_DEVICE_FAMILY = "1,2";
				TEST_TARGET_NAME = "Babel skills test";
			};
			name = Debug;
		};
		5074108926452EBB00B8E505 /* Release */ = {
			isa = XCBuildConfiguration;
			buildSettings = {
				ALWAYS_EMBED_SWIFT_STANDARD_LIBRARIES = YES;
				CODE_SIGN_STYLE = Automatic;
				DEVELOPMENT_TEAM = CE53774E6S;
				INFOPLIST_FILE = "Babel skills testUITests/Info.plist";
				LD_RUNPATH_SEARCH_PATHS = (
					"$(inherited)",
					"@executable_path/Frameworks",
					"@loader_path/Frameworks",
				);
				PRODUCT_BUNDLE_IDENTIFIER = "com.lotuslabs.work.Babel-skills-testUITests";
				PRODUCT_NAME = "$(TARGET_NAME)";
				SWIFT_VERSION = 5.0;
				TARGETED_DEVICE_FAMILY = "1,2";
				TEST_TARGET_NAME = "Babel skills test";
			};
			name = Release;
		};
		507410A426452F8B00B8E505 /* Debug */ = {
			isa = XCBuildConfiguration;
			buildSettings = {
				ASSETCATALOG_COMPILER_GLOBAL_ACCENT_COLOR_NAME = AccentColor;
				ASSETCATALOG_COMPILER_WIDGET_BACKGROUND_COLOR_NAME = WidgetBackground;
				CODE_SIGN_ENTITLEMENTS = "Widget skills testExtension.entitlements";
				CODE_SIGN_STYLE = Automatic;
				DEVELOPMENT_TEAM = CE53774E6S;
				INFOPLIST_FILE = "Widget skills test/Info.plist";
				IPHONEOS_DEPLOYMENT_TARGET = 14.0;
				LD_RUNPATH_SEARCH_PATHS = (
					"$(inherited)",
					"@executable_path/Frameworks",
					"@executable_path/../../Frameworks",
				);
				PRODUCT_BUNDLE_IDENTIFIER = "com.lotuslabs.work.Babel-skills-test.Widget-skills-test";
				PRODUCT_NAME = "$(TARGET_NAME)";
				SKIP_INSTALL = YES;
				SWIFT_VERSION = 5.0;
				TARGETED_DEVICE_FAMILY = "1,2";
			};
			name = Debug;
		};
		507410A526452F8B00B8E505 /* Release */ = {
			isa = XCBuildConfiguration;
			buildSettings = {
				ASSETCATALOG_COMPILER_GLOBAL_ACCENT_COLOR_NAME = AccentColor;
				ASSETCATALOG_COMPILER_WIDGET_BACKGROUND_COLOR_NAME = WidgetBackground;
				CODE_SIGN_ENTITLEMENTS = "Widget skills testExtension.entitlements";
				CODE_SIGN_STYLE = Automatic;
				DEVELOPMENT_TEAM = CE53774E6S;
				INFOPLIST_FILE = "Widget skills test/Info.plist";
				IPHONEOS_DEPLOYMENT_TARGET = 14.0;
				LD_RUNPATH_SEARCH_PATHS = (
					"$(inherited)",
					"@executable_path/Frameworks",
					"@executable_path/../../Frameworks",
				);
				PRODUCT_BUNDLE_IDENTIFIER = "com.lotuslabs.work.Babel-skills-test.Widget-skills-test";
				PRODUCT_NAME = "$(TARGET_NAME)";
				SKIP_INSTALL = YES;
				SWIFT_VERSION = 5.0;
				TARGETED_DEVICE_FAMILY = "1,2";
			};
			name = Release;
		};
/* End XCBuildConfiguration section */

/* Begin XCConfigurationList section */
		5074104F26452EB600B8E505 /* Build configuration list for PBXProject "Babel skills test" */ = {
			isa = XCConfigurationList;
			buildConfigurations = (
				5074107F26452EBB00B8E505 /* Debug */,
				5074108026452EBB00B8E505 /* Release */,
			);
			defaultConfigurationIsVisible = 0;
			defaultConfigurationName = Release;
		};
		5074108126452EBB00B8E505 /* Build configuration list for PBXNativeTarget "Babel skills test" */ = {
			isa = XCConfigurationList;
			buildConfigurations = (
				5074108226452EBB00B8E505 /* Debug */,
				5074108326452EBB00B8E505 /* Release */,
			);
			defaultConfigurationIsVisible = 0;
			defaultConfigurationName = Release;
		};
		5074108426452EBB00B8E505 /* Build configuration list for PBXNativeTarget "Babel skills testTests" */ = {
			isa = XCConfigurationList;
			buildConfigurations = (
				5074108526452EBB00B8E505 /* Debug */,
				5074108626452EBB00B8E505 /* Release */,
			);
			defaultConfigurationIsVisible = 0;
			defaultConfigurationName = Release;
		};
		5074108726452EBB00B8E505 /* Build configuration list for PBXNativeTarget "Babel skills testUITests" */ = {
			isa = XCConfigurationList;
			buildConfigurations = (
				5074108826452EBB00B8E505 /* Debug */,
				5074108926452EBB00B8E505 /* Release */,
			);
			defaultConfigurationIsVisible = 0;
			defaultConfigurationName = Release;
		};
		507410A326452F8B00B8E505 /* Build configuration list for PBXNativeTarget "Widget skills testExtension" */ = {
			isa = XCConfigurationList;
			buildConfigurations = (
				507410A426452F8B00B8E505 /* Debug */,
				507410A526452F8B00B8E505 /* Release */,
			);
			defaultConfigurationIsVisible = 0;
			defaultConfigurationName = Release;
		};
/* End XCConfigurationList section */

/* Begin XCVersionGroup section */
		5074106026452EB700B8E505 /* Babel_skills_test.xcdatamodeld */ = {
			isa = XCVersionGroup;
			children = (
				5074106126452EB700B8E505 /* Babel_skills_test.xcdatamodel */,
			);
			currentVersion = 5074106126452EB700B8E505 /* Babel_skills_test.xcdatamodel */;
			path = Babel_skills_test.xcdatamodeld;
			sourceTree = "<group>";
			versionGroupType = wrapper.xcdatamodel;
		};
/* End XCVersionGroup section */
	};
	rootObject = 5074104C26452EB600B8E505 /* Project object */;
}
